
Microsoft Visual Studio Solution File, Format Version 12.00
# Visual Studio Version 17
VisualStudioVersion = 17.13.35919.96 d17.13
MinimumVisualStudioVersion = 10.0.40219.1
Project("{FAE04EC0-301F-11D3-BF4B-00C04F79EFBC}") = "ISS-Enterprise_back.Admin-service", "ISS-Enterprise_back\ISS-Enterprise_back.Admin-service.csproj", "{7476C82A-2C38-5E99-ED4C-84AEA33F8082}"
EndProject
Project("{FAE04EC0-301F-11D3-BF4B-00C04F79EFBC}") = "ISS-Enterprise_back.AppHost", "ISS-Enterprise_back.AppHost\ISS-Enterprise_back.AppHost.csproj", "{AC343F7A-9B3B-40E3-A479-9A97A75419FA}"
EndProject
Project("{FAE04EC0-301F-11D3-BF4B-00C04F79EFBC}") = "ISS-Enterprise_back.ServiceDefaults", "ISS-Enterprise_back.ServiceDefaults\ISS-Enterprise_back.ServiceDefaults.csproj", "{2AAAA3BD-45EC-B9DA-D01C-3703CDFDE5CF}"
EndProject
Global
	GlobalSection(SolutionConfigurationPlatforms) = preSolution
		Debug|Any CPU = Debug|Any CPU
		Release|Any CPU = Release|Any CPU
	EndGlobalSection
	GlobalSection(ProjectConfigurationPlatforms) = postSolution
		{7476C82A-2C38-5E99-ED4C-84AEA33F8082}.Debug|Any CPU.ActiveCfg = Debug|Any CPU
		{7476C82A-2C38-5E99-ED4C-84AEA33F8082}.Debug|Any CPU.Build.0 = Debug|Any CPU
		{7476C82A-2C38-5E99-ED4C-84AEA33F8082}.Release|Any CPU.ActiveCfg = Release|Any CPU
		{7476C82A-2C38-5E99-ED4C-84AEA33F8082}.Release|Any CPU.Build.0 = Release|Any CPU
		{AC343F7A-9B3B-40E3-A479-9A97A75419FA}.Debug|Any CPU.ActiveCfg = Debug|Any CPU
		{AC343F7A-9B3B-40E3-A479-9A97A75419FA}.Debug|Any CPU.Build.0 = Debug|Any CPU
		{AC343F7A-9B3B-40E3-A479-9A97A75419FA}.Release|Any CPU.ActiveCfg = Release|Any CPU
		{AC343F7A-9B3B-40E3-A479-9A97A75419FA}.Release|Any CPU.Build.0 = Release|Any CPU
		{2AAAA3BD-45EC-B9DA-D01C-3703CDFDE5CF}.Debug|Any CPU.ActiveCfg = Debug|Any CPU
		{2AAAA3BD-45EC-B9DA-D01C-3703CDFDE5CF}.Debug|Any CPU.Build.0 = Debug|Any CPU
		{2AAAA3BD-45EC-B9DA-D01C-3703CDFDE5CF}.Release|Any CPU.ActiveCfg = Release|Any CPU
		{2AAAA3BD-45EC-B9DA-D01C-3703CDFDE5CF}.Release|Any CPU.Build.0 = Release|Any CPU
	EndGlobalSection
	GlobalSection(SolutionProperties) = preSolution
		HideSolutionNode = FALSE
	EndGlobalSection
	GlobalSection(ExtensibilityGlobals) = postSolution
		SolutionGuid = {AF294BC3-F8AC-4701-8F6E-632BDBE3F586}
	EndGlobalSection
EndGlobal
